
Microsoft Visual Studio Solution File, Format Version 12.00
# Visual Studio Version 17
VisualStudioVersion = 17.7.34031.279
MinimumVisualStudioVersion = 10.0.40219.1
Project("{FAE04EC0-301F-11D3-BF4B-00C04F79EFBC}") = "HackerNewsFilter.Api", "HackerNewsFilter.Api\HackerNewsFilter.Api.csproj", "{DEF00F02-F8A8-4AE4-B4AE-DD48C92A0A69}"
EndProject
Global
	GlobalSection(SolutionConfigurationPlatforms) = preSolution
		Debug|Any CPU = Debug|Any CPU
		Release|Any CPU = Release|Any CPU
	EndGlobalSection
	GlobalSection(ProjectConfigurationPlatforms) = postSolution
		{DEF00F02-F8A8-4AE4-B4AE-DD48C92A0A69}.Debug|Any CPU.ActiveCfg = Debug|Any CPU
		{DEF00F02-F8A8-4AE4-B4AE-DD48C92A0A69}.Debug|Any CPU.Build.0 = Debug|Any CPU
		{DEF00F02-F8A8-4AE4-B4AE-DD48C92A0A69}.Release|Any CPU.ActiveCfg = Release|Any CPU
		{DEF00F02-F8A8-4AE4-B4AE-DD48C92A0A69}.Release|Any CPU.Build.0 = Release|Any CPU
	EndGlobalSection
	GlobalSection(SolutionProperties) = preSolution
		HideSolutionNode = FALSE
	EndGlobalSection
	GlobalSection(ExtensibilityGlobals) = postSolution
		SolutionGuid = {72A0041E-DC23-44C7-9B63-465FD8FFA807}
	EndGlobalSection
EndGlobal
